lockfileVersion: 5.4

specifiers:
  next: 13.0.2-canary.3
  react: 18.2.0
  react-dom: 18.2.0

dependencies:
  next: 13.0.2-canary.3_biqbaboplfbrettd7655fr4n2y
  react: 18.2.0
  react-dom: 18.2.0_react@18.2.0

packages:

  /@next/env/13.0.2-canary.3:
    resolution: {integrity: sha512-WHOozbwVlDc++WqJNZhlRdyfgK7To2HwQQQ3QXtdlbBX1e8wcuW4VlHqcpPRrBXHSiIc3X5AKHdhN30+bEYtPA==}
    dev: false

  /@next/swc-android-arm-eabi/13.0.2-canary.3:
    resolution: {integrity: sha512-+OnPaqHvf0/Y24ezXBEeNBPmxriKERz/i1LopuKg5vMqlecHcwqec78674S3SxY3ch1k6zWvagDl6sq0BkTCxw==}
    engines: {node: '>= 10'}
    cpu: [arm]
    os: [android]
    requiresBuild: true
    dev: false
    optional: true

  /@next/swc-android-arm64/13.0.2-canary.3:
    resolution: {integrity: sha512-DL56f2c5Ojz1t7oPBoxOXdfqTKBbteXpUAKenA680nc4W2q6CG79WYM6FSbfz7aE26xmUMSQuXMZRFhE/KY3rA==}
    engines: {node: '>= 10'}
    cpu: [arm64]
    os: [android]
    requiresBuild: true
    dev: false
    optional: true

  /@next/swc-darwin-arm64/13.0.2-canary.3:
    resolution: {integrity: sha512-gcPROsohB5mpKZerneNc5/IVjz2+lYdIcK6piWAniT2QwGZxAhnkxL5zdg0ciT/jK98PxjlJDgtQPFvezG+8VA==}
    engines: {node: '>= 10'}
    cpu: [arm64]
    os: [darwin]
    requiresBuild: true
    dev: false
    optional: true

  /@next/swc-darwin-x64/13.0.2-canary.3:
    resolution: {integrity: sha512-Z5ryUfTTsNqDPwRXnTFFW/uZnvUl+RRj6lewC35h9E5C7EWUCtf4q8X2HRj6Nr9K3OKNiEVLJB6Dpy8k67/fJQ==}
    engines: {node: '>= 10'}
    cpu: [x64]
    os: [darwin]
    requiresBuild: true
    dev: false
    optional: true

  /@next/swc-freebsd-x64/13.0.2-canary.3:
    resolution: {integrity: sha512-gQibiZI35DeOzRHJ13KXrxiJs7lyEApIMcXHDmrtRWhRk6L12MD5JTJ6WUNwNgJM5txQsrcSjpD+k+nTs03EJA==}
    engines: {node: '>= 10'}
    cpu: [x64]
    os: [freebsd]
    requiresBuild: true
    dev: false
    optional: true

  /@next/swc-linux-arm-gnueabihf/13.0.2-canary.3:
    resolution: {integrity: sha512-eMXrTEilQImeyjWiTtvMnTMmxBfhmGUtov54R6Jf736Bg/5JZcoezqFDSiW9DPNb1p4vPI9EfhtSpDNFKDdxcA==}
    engines: {node: '>= 10'}
    cpu: [arm]
    os: [linux]
    requiresBuild: true
    dev: false
    optional: true

  /@next/swc-linux-arm64-gnu/13.0.2-canary.3:
    resolution: {integrity: sha512-Ct+Ul1/s/tp4aUQ0Xtp7mWBrvCA2/RktcuTCPBldNx4SMbAe87mKO9JPGK4KfcMYtzAm1mwLLtV+PT7WzMXfLA==}
    engines: {node: '>= 10'}
    cpu: [arm64]
    os: [linux]
    requiresBuild: true
    dev: false
    optional: true

  /@next/swc-linux-arm64-musl/13.0.2-canary.3:
    resolution: {integrity: sha512-6OB0wGxDKe5wmS852K8xAlAaUYYj1ZHuvQl5Vosqarw5H/nFglOpAqupU7mHAD3g12x/rV0hn32aVscbRJKwSA==}
    engines: {node: '>= 10'}
    cpu: [arm64]
    os: [linux]
    requiresBuild: true
    dev: false
    optional: true

  /@next/swc-linux-x64-gnu/13.0.2-canary.3:
    resolution: {integrity: sha512-JoHr1DgcSE8jGa1f6m6jVG6WsC38I+grHKtqJE/v7qFZtpAWOsTLQLzzsOYYv/VaiHPQ7sYfVjPL+AMvnpXheA==}
    engines: {node: '>= 10'}
    cpu: [x64]
    os: [linux]
    requiresBuild: true
    dev: false
    optional: true

  /@next/swc-linux-x64-musl/13.0.2-canary.3:
    resolution: {integrity: sha512-IeoiXQKcOTbyGqgaSfYm8PT1varwOcqEE0Q5Ktj5LOJ+K9vqXNJAgerrL4Q4+l5QVC7nIILxnN/MI7fhQthxQQ==}
    engines: {node: '>= 10'}
    cpu: [x64]
    os: [linux]
    requiresBuild: true
    dev: false
    optional: true

  /@next/swc-win32-arm64-msvc/13.0.2-canary.3:
    resolution: {integrity: sha512-HBt9ohyR31SSSdGdYLLZ/4M9AAPjzt2Izg111cQ4kwhJEryLXU33q/PShN2ch2iTKOZ3t6QjmczTDa+0VpwNNg==}
    engines: {node: '>= 10'}
    cpu: [arm64]
    os: [win32]
    requiresBuild: true
    dev: false
    optional: true

  /@next/swc-win32-ia32-msvc/13.0.2-canary.3:
    resolution: {integrity: sha512-b5YOJKeRvLxoTChHb6F9bRhE3S7iSPP5OpMSktt1HoIIQW2ABOEptJipb/wlY5XK+xzpPnzR9VY9s836ABF5yQ==}
    engines: {node: '>= 10'}
    cpu: [ia32]
    os: [win32]
    requiresBuild: true
    dev: false
    optional: true

  /@next/swc-win32-x64-msvc/13.0.2-canary.3:
    resolution: {integrity: sha512-Zvez42rHxZmuMQ3OCtnCwNbbpC6SgTDkSX2LpE/QZ4K63mXFJ+gOqjtE1CJdbYAeHH5WVsBxN0PAXsGi1nboDA==}
    engines: {node: '>= 10'}
    cpu: [x64]
    os: [win32]
    requiresBuild: true
    dev: false
    optional: true

  /@swc/helpers/0.4.11:
    resolution: {integrity: sha512-rEUrBSGIoSFuYxwBYtlUFMlE2CwGhmW+w9355/5oduSw8e5h2+Tj4UrAGNNgP9915++wj5vkQo0UuOBqOAq4nw==}
    dependencies:
      tslib: 2.4.1
    dev: false

  /caniuse-lite/1.0.30001429:
    resolution: {integrity: sha512-511ThLu1hF+5RRRt0zYCf2U2yRr9GPF6m5y90SBCWsvSoYoW7yAGlv/elyPaNfvGCkp6kj/KFZWU0BMA69Prsg==}
    dev: false

  /client-only/0.0.1:
    resolution: {integrity: sha512-IV3Ou0jSMzZrd3pZ48nLkT9DA7Ag1pnPzaiQhpW7c3RbcqqzvzzVu+L8gfqMp/8IM2MQtSiqaCxrrcfu8I8rMA==}
    dev: false

  /js-tokens/4.0.0:
    resolution: {integrity: sha512-RdJUflcE3cUzKiMqQgsCu06FPu9UdIJO0beYbPhHN4k6apgJtifcoCtT9bcxOpYBtpD2kCM6Sbzg4CausW/PKQ==}
    dev: false

  /loose-envify/1.4.0:
    resolution: {integrity: sha512-lyuxPGr/Wfhrlem2CL/UcnUc1zcqKAImBDzukY7Y5F/yQiNdko6+fRLevlw1HgMySw7f611UIY408EtxRSoK3Q==}
    hasBin: true
    dependencies:
      js-tokens: 4.0.0
    dev: false

  /nanoid/3.3.4:
    resolution: {integrity: sha512-MqBkQh/OHTS2egovRtLk45wEyNXwF+cokD+1YPf9u5VfJiRdAiRwB2froX5Co9Rh20xs4siNPm8naNotSD6RBw==}
    engines: {node: ^10 || ^12 || ^13.7 || ^14 || >=15.0.1}
    hasBin: true
    dev: false

  /next/13.0.2-canary.3_biqbaboplfbrettd7655fr4n2y:
    resolution: {integrity: sha512-z4fQAXw+SChbVtVrk4xvSbNvqWti/7n0d5HOppuNGseDVuyjsAriCdDcG4irctOeO96A1kNS/CQUshQ1PZIQ3Q==}
    engines: {node: '>=14.6.0'}
    hasBin: true
    peerDependencies:
      fibers: '>= 3.1.0'
      node-sass: ^6.0.0 || ^7.0.0
      react: ^18.2.0
      react-dom: ^18.2.0
      sass: ^1.3.0
    peerDependenciesMeta:
      fibers:
        optional: true
      node-sass:
        optional: true
      sass:
        optional: true
    dependencies:
      '@next/env': 13.0.2-canary.3
      '@swc/helpers': 0.4.11
      caniuse-lite: 1.0.30001429
      postcss: 8.4.14
      react: 18.2.0
      react-dom: 18.2.0_react@18.2.0
      styled-jsx: 5.1.0_react@18.2.0
      use-sync-external-store: 1.2.0_react@18.2.0
    optionalDependencies:
      '@next/swc-android-arm-eabi': 13.0.2-canary.3
      '@next/swc-android-arm64': 13.0.2-canary.3
      '@next/swc-darwin-arm64': 13.0.2-canary.3
      '@next/swc-darwin-x64': 13.0.2-canary.3
      '@next/swc-freebsd-x64': 13.0.2-canary.3
      '@next/swc-linux-arm-gnueabihf': 13.0.2-canary.3
      '@next/swc-linux-arm64-gnu': 13.0.2-canary.3
      '@next/swc-linux-arm64-musl': 13.0.2-canary.3
      '@next/swc-linux-x64-gnu': 13.0.2-canary.3
      '@next/swc-linux-x64-musl': 13.0.2-canary.3
      '@next/swc-win32-arm64-msvc': 13.0.2-canary.3
      '@next/swc-win32-ia32-msvc': 13.0.2-canary.3
      '@next/swc-win32-x64-msvc': 13.0.2-canary.3
    transitivePeerDependencies:
      - '@babel/core'
      - babel-plugin-macros
    dev: false

  /picocolors/1.0.0:
    resolution: {integrity: sha512-1fygroTLlHu66zi26VoTDv8yRgm0Fccecssto+MhsZ0D/DGW2sm8E8AjW7NU5VVTRt5GxbeZ5qBuJr+HyLYkjQ==}
    dev: false

  /postcss/8.4.14:
    resolution: {integrity: sha512-E398TUmfAYFPBSdzgeieK2Y1+1cpdxJx8yXbK/m57nRhKSmk1GB2tO4lbLBtlkfPQTDKfe4Xqv1ASWPpayPEig==}
    engines: {node: ^10 || ^12 || >=14}
    dependencies:
      nanoid: 3.3.4
      picocolors: 1.0.0
      source-map-js: 1.0.2
    dev: false

  /react-dom/18.2.0_react@18.2.0:
    resolution: {integrity: sha512-6IMTriUmvsjHUjNtEDudZfuDQUoWXVxKHhlEGSk81n4YFS+r/Kl99wXiwlVXtPBtJenozv2P+hxDsw9eA7Xo6g==}
    peerDependencies:
      react: ^18.2.0
    dependencies:
      loose-envify: 1.4.0
      react: 18.2.0
      scheduler: 0.23.0
    dev: false

  /react/18.2.0:
    resolution: {integrity: sha512-/3IjMdb2L9QbBdWiW5e3P2/npwMBaU9mHCSCUzNln0ZCYbcfTsGbTJrU/kGemdH2IWmB2ioZ+zkxtmq6g09fGQ==}
    engines: {node: '>=0.10.0'}
    dependencies:
      loose-envify: 1.4.0
    dev: false

  /scheduler/0.23.0:
    resolution: {integrity: sha512-CtuThmgHNg7zIZWAXi3AsyIzA3n4xx7aNyjwC2VJldO2LMVDhFK+63xGqq6CsJH4rTAt6/M+N4GhZiDYPx9eUw==}
    dependencies:
      loose-envify: 1.4.0
    dev: false

  /source-map-js/1.0.2:
    resolution: {integrity: sha512-R0XvVJ9WusLiqTCEiGCmICCMplcCkIwwR11mOSD9CR5u+IXYdiseeEuXCVAjS54zqwkLcPNnmU4OeJ6tUrWhDw==}
    engines: {node: '>=0.10.0'}
    dev: false

  /styled-jsx/5.1.0_react@18.2.0:
    resolution: {integrity: sha512-/iHaRJt9U7T+5tp6TRelLnqBqiaIT0HsO0+vgyj8hK2KUk7aejFqRrumqPUlAqDwAj8IbS/1hk3IhBAAK/FCUQ==}
    engines: {node: '>= 12.0.0'}
    peerDependencies:
      '@babel/core': '*'
      babel-plugin-macros: '*'
      react: '>= 16.8.0 || 17.x.x || ^18.0.0-0'
    peerDependenciesMeta:
      '@babel/core':
        optional: true
      babel-plugin-macros:
        optional: true
    dependencies:
      client-only: 0.0.1
      react: 18.2.0
    dev: false

  /tslib/2.4.1:
    resolution: {integrity: sha512-tGyy4dAjRIEwI7BzsB0lynWgOpfqjUdq91XXAlIWD2OwKBH7oCl/GZG/HT4BOHrTlPMOASlMQ7veyTqpmRcrNA==}
    dev: false

  /use-sync-external-store/1.2.0_react@18.2.0:
    resolution: {integrity: sha512-eEgnFxGQ1Ife9bzYs6VLi8/4X6CObHMw9Qr9tPY43iKwsPw8xE8+EFsf/2cFZ5S3esXgpWgtSCtLNS41F+sKPA==}
    peerDependencies:
      react: ^16.8.0 || ^17.0.0 || ^18.0.0
    dependencies:
      react: 18.2.0
    dev: false
